// !$*UTF8*$!
{
	archiveVersion = 1;
	classes = {
	};
	objectVersion = 55;
	objects = {

/* Begin PBXBuildFile section */
		13AA64F027014E82005DCF13 /* taskDemoApp.swift in Sources */ = {isa = PBXBuildFile; fileRef = 13AA64DD27014E81005DCF13 /* taskDemoApp.swift */; };
		13AA64F127014E82005DCF13 /* taskDemoApp.swift in Sources */ = {isa = PBXBuildFile; fileRef = 13AA64DD27014E81005DCF13 /* taskDemoApp.swift */; };
		13AA64F227014E82005DCF13 /* ContentView.swift in Sources */ = {isa = PBXBuildFile; fileRef = 13AA64DE27014E81005DCF13 /* ContentView.swift */; };
		13AA64F327014E82005DCF13 /* ContentView.swift in Sources */ = {isa = PBXBuildFile; fileRef = 13AA64DE27014E81005DCF13 /* ContentView.swift */; };
		13AA64F427014E82005DCF13 /* Persistence.swift in Sources */ = {isa = PBXBuildFile; fileRef = 13AA64DF27014E81005DCF13 /* Persistence.swift */; };
		13AA64F527014E82005DCF13 /* Persistence.swift in Sources */ = {isa = PBXBuildFile; fileRef = 13AA64DF27014E81005DCF13 /* Persistence.swift */; };
		13AA64F627014E82005DCF13 /* Assets.xcassets in Resources */ = {isa = PBXBuildFile; fileRef = 13AA64E027014E82005DCF13 /* Assets.xcassets */; };
		13AA64F727014E82005DCF13 /* Assets.xcassets in Resources */ = {isa = PBXBuildFile; fileRef = 13AA64E027014E82005DCF13 /* Assets.xcassets */; };
		13AA650227014F19005DCF13 /* taskDemo.xcdatamodeld in Sources */ = {isa = PBXBuildFile; fileRef = 13AA650027014F19005DCF13 /* taskDemo.xcdatamodeld */; };
		13AA650327014F19005DCF13 /* taskDemo.xcdatamodeld in Sources */ = {isa = PBXBuildFile; fileRef = 13AA650027014F19005DCF13 /* taskDemo.xcdatamodeld */; };
		13AA650C27015098005DCF13 /* Task+CoreDataClass.swift in Sources */ = {isa = PBXBuildFile; fileRef = 13AA650827015098005DCF13 /* Task+CoreDataClass.swift */; };
		13AA650D27015098005DCF13 /* Task+CoreDataClass.swift in Sources */ = {isa = PBXBuildFile; fileRef = 13AA650827015098005DCF13 /* Task+CoreDataClass.swift */; };
		13AA650E27015098005DCF13 /* Task+CoreDataProperties.swift in Sources */ = {isa = PBXBuildFile; fileRef = 13AA650927015098005DCF13 /* Task+CoreDataProperties.swift */; };
		13AA650F27015098005DCF13 /* Task+CoreDataProperties.swift in Sources */ = {isa = PBXBuildFile; fileRef = 13AA650927015098005DCF13 /* Task+CoreDataProperties.swift */; };
		13AA651027015098005DCF13 /* TaskTag+CoreDataClass.swift in Sources */ = {isa = PBXBuildFile; fileRef = 13AA650A27015098005DCF13 /* TaskTag+CoreDataClass.swift */; };
		13AA651127015098005DCF13 /* TaskTag+CoreDataClass.swift in Sources */ = {isa = PBXBuildFile; fileRef = 13AA650A27015098005DCF13 /* TaskTag+CoreDataClass.swift */; };
		13AA651227015098005DCF13 /* TaskTag+CoreDataProperties.swift in Sources */ = {isa = PBXBuildFile; fileRef = 13AA650B27015098005DCF13 /* TaskTag+CoreDataProperties.swift */; };
		13AA651327015098005DCF13 /* TaskTag+CoreDataProperties.swift in Sources */ = {isa = PBXBuildFile; fileRef = 13AA650B27015098005DCF13 /* TaskTag+CoreDataProperties.swift */; };
		13AA651A27015158005DCF13 /* CloudKit.framework in Frameworks */ = {isa = PBXBuildFile; fileRef = 13AA651927015158005DCF13 /* CloudKit.framework */; };
		13AA651C27015174005DCF13 /* CloudKit.framework in Frameworks */ = {isa = PBXBuildFile; fileRef = 13AA651B27015174005DCF13 /* CloudKit.framework */; };
		13AA651F27015386005DCF13 /* AppStyles.swift in Sources */ = {isa = PBXBuildFile; fileRef = 13AA651E27015386005DCF13 /* AppStyles.swift */; };
		13AA652027015386005DCF13 /* AppStyles.swift in Sources */ = {isa = PBXBuildFile; fileRef = 13AA651E27015386005DCF13 /* AppStyles.swift */; };
/* End PBXBuildFile section */

/* Begin PBXFileReference section */
		13AA64DD27014E81005DCF13 /* taskDemoApp.swift */ = {isa = PBXFileReference; lastKnownFileType = sourcecode.swift; path = taskDemoApp.swift; sourceTree = "<group>"; };
		13AA64DE27014E81005DCF13 /* ContentView.swift */ = {isa = PBXFileReference; lastKnownFileType = sourcecode.swift; path = ContentView.swift; sourceTree = "<group>"; };
		13AA64DF27014E81005DCF13 /* Persistence.swift */ = {isa = PBXFileReference; lastKnownFileType = sourcecode.swift; path = Persistence.swift; sourceTree = "<group>"; };
		13AA64E027014E82005DCF13 /* Assets.xcassets */ = {isa = PBXFileReference; lastKnownFileType = folder.assetcatalog; path = Assets.xcassets; sourceTree = "<group>"; };
		13AA64E527014E82005DCF13 /* taskDemo.app */ = {isa = PBXFileReference; explicitFileType = wrapper.application; includeInIndex = 0; path = taskDemo.app; sourceTree = BUILT_PRODUCTS_DIR; };
		13AA64EB27014E82005DCF13 /* taskDemo.app */ = {isa = PBXFileReference; explicitFileType = wrapper.application; includeInIndex = 0; path = taskDemo.app; sourceTree = BUILT_PRODUCTS_DIR; };
		13AA64ED27014E82005DCF13 /* macOS.entitlements */ = {isa = PBXFileReference; lastKnownFileType = text.plist.entitlements; path = macOS.entitlements; sourceTree = "<group>"; };
		13AA650127014F19005DCF13 /* Shared.xcdatamodel */ = {isa = PBXFileReference; lastKnownFileType = wrapper.xcdatamodel; path = Shared.xcdatamodel; sourceTree = "<group>"; };
		13AA650827015098005DCF13 /* Task+CoreDataClass.swift */ = {isa = PBXFileReference; lastKnownFileType = sourcecode.swift; path = "Task+CoreDataClass.swift"; sourceTree = "<group>"; };
		13AA650927015098005DCF13 /* Task+CoreDataProperties.swift */ = {isa = PBXFileReference; lastKnownFileType = sourcecode.swift; path = "Task+CoreDataProperties.swift"; sourceTree = "<group>"; };
		13AA650A27015098005DCF13 /* TaskTag+CoreDataClass.swift */ = {isa = PBXFileReference; lastKnownFileType = sourcecode.swift; path = "TaskTag+CoreDataClass.swift"; sourceTree = "<group>"; };
		13AA650B27015098005DCF13 /* TaskTag+CoreDataProperties.swift */ = {isa = PBXFileReference; lastKnownFileType = sourcecode.swift; path = "TaskTag+CoreDataProperties.swift"; sourceTree = "<group>"; };
		13AA651627015148005DCF13 /* taskDemo (iOS).entitlements */ = {isa = PBXFileReference; lastKnownFileType = text.plist.entitlements; path = "taskDemo (iOS).entitlements"; sourceTree = "<group>"; };
		13AA65172701514F005DCF13 /* taskDemo--iOS--Info.plist */ = {isa = PBXFileReference; lastKnownFileType = text.plist; path = "taskDemo--iOS--Info.plist"; sourceTree = "<group>"; };
		13AA651927015158005DCF13 /* CloudKit.framework */ = {isa = PBXFileReference; lastKnownFileType = wrapper.framework; name = CloudKit.framework; path = Platforms/iPhoneOS.platform/Developer/SDKs/iPhoneOS15.0.sdk/System/Library/Frameworks/CloudKit.framework; sourceTree = DEVELOPER_DIR; };
		13AA651B27015174005DCF13 /* CloudKit.framework */ = {isa = PBXFileReference; lastKnownFileType = wrapper.framework; name = CloudKit.framework; path = System/Library/Frameworks/CloudKit.framework; sourceTree = SDKROOT; };
		13AA651E27015386005DCF13 /* AppStyles.swift */ = {isa = PBXFileReference; lastKnownFileType = sourcecode.swift; path = AppStyles.swift; sourceTree = "<group>"; };
/* End PBXFileReference section */

/* Begin PBXFrameworksBuildPhase section */
		13AA64E227014E82005DCF13 /* Frameworks */ = {
			isa = PBXFrameworksBuildPhase;
			buildActionMask = 2147483647;
			files = (
				13AA651A27015158005DCF13 /* CloudKit.framework in Frameworks */,
			);
			runOnlyForDeploymentPostprocessing = 0;
		};
		13AA64E827014E82005DCF13 /* Frameworks */ = {
			isa = PBXFrameworksBuildPhase;
			buildActionMask = 2147483647;
			files = (
				13AA651C27015174005DCF13 /* CloudKit.framework in Frameworks */,
			);
			runOnlyForDeploymentPostprocessing = 0;
		};
/* End PBXFrameworksBuildPhase section */

/* Begin PBXGroup section */
		13AA64D527014E81005DCF13 = {
			isa = PBXGroup;
			children = (
				13AA65172701514F005DCF13 /* taskDemo--iOS--Info.plist */,
				13AA651627015148005DCF13 /* taskDemo (iOS).entitlements */,
				13AA64DA27014E81005DCF13 /* Shared */,
				13AA64EC27014E82005DCF13 /* macOS */,
				13AA64E627014E82005DCF13 /* Products */,
				13AA651827015158005DCF13 /* Frameworks */,
			);
			sourceTree = "<group>";
		};
		13AA64DA27014E81005DCF13 /* Shared */ = {
			isa = PBXGroup;
			children = (
				13AA65072701501E005DCF13 /* Models */,
				13AA650627015017005DCF13 /* Views */,
				13AA650527015011005DCF13 /* ViewModel */,
				13AA65042701500A005DCF13 /* App */,
				13AA64DD27014E81005DCF13 /* taskDemoApp.swift */,
				13AA64DE27014E81005DCF13 /* ContentView.swift */,
				13AA64DF27014E81005DCF13 /* Persistence.swift */,
				13AA64E027014E82005DCF13 /* Assets.xcassets */,
				13AA650027014F19005DCF13 /* taskDemo.xcdatamodeld */,
			);
			path = Shared;
			sourceTree = "<group>";
		};
		13AA64E627014E82005DCF13 /* Products */ = {
			isa = PBXGroup;
			children = (
				13AA64E527014E82005DCF13 /* taskDemo.app */,
				13AA64EB27014E82005DCF13 /* taskDemo.app */,
			);
			name = Products;
			sourceTree = "<group>";
		};
		13AA64EC27014E82005DCF13 /* macOS */ = {
			isa = PBXGroup;
			children = (
				13AA64ED27014E82005DCF13 /* macOS.entitlements */,
			);
			path = macOS;
			sourceTree = "<group>";
		};
		13AA65042701500A005DCF13 /* App */ = {
			isa = PBXGroup;
			children = (
			);
			path = App;
			sourceTree = "<group>";
		};
		13AA650527015011005DCF13 /* ViewModel */ = {
			isa = PBXGroup;
			children = (
			);
			path = ViewModel;
			sourceTree = "<group>";
		};
		13AA650627015017005DCF13 /* Views */ = {
			isa = PBXGroup;
			children = (
			);
			path = Views;
			sourceTree = "<group>";
		};
		13AA65072701501E005DCF13 /* Models */ = {
			isa = PBXGroup;
			children = (
				13AA651D27015372005DCF13 /* AppStyles */,
				13AA6515270150A7005DCF13 /* TaskTag */,
				13AA6514270150A0005DCF13 /* Task */,
			);
			path = Models;
			sourceTree = "<group>";
		};
		13AA6514270150A0005DCF13 /* Task */ = {
			isa = PBXGroup;
			children = (
				13AA650827015098005DCF13 /* Task+CoreDataClass.swift */,
				13AA650927015098005DCF13 /* Task+CoreDataProperties.swift */,
			);
			path = Task;
			sourceTree = "<group>";
		};
		13AA6515270150A7005DCF13 /* TaskTag */ = {
			isa = PBXGroup;
			children = (
				13AA650A27015098005DCF13 /* TaskTag+CoreDataClass.swift */,
				13AA650B27015098005DCF13 /* TaskTag+CoreDataProperties.swift */,
			);
			path = TaskTag;
			sourceTree = "<group>";
		};
		13AA651827015158005DCF13 /* Frameworks */ = {
			isa = PBXGroup;
			children = (
				13AA651B27015174005DCF13 /* CloudKit.framework */,
				13AA651927015158005DCF13 /* CloudKit.framework */,
			);
			name = Frameworks;
			sourceTree = "<group>";
		};
		13AA651D27015372005DCF13 /* AppStyles */ = {
			isa = PBXGroup;
			children = (
				13AA651E27015386005DCF13 /* AppStyles.swift */,
			);
			path = AppStyles;
			sourceTree = "<group>";
		};
/* End PBXGroup section */

/* Begin PBXNativeTarget section */
		13AA64E427014E82005DCF13 /* taskDemo (iOS) */ = {
			isa = PBXNativeTarget;
			buildConfigurationList = 13AA64FA27014E82005DCF13 /* Build configuration list for PBXNativeTarget "taskDemo (iOS)" */;
			buildPhases = (
				13AA64E127014E82005DCF13 /* Sources */,
				13AA64E227014E82005DCF13 /* Frameworks */,
				13AA64E327014E82005DCF13 /* Resources */,
			);
			buildRules = (
			);
			dependencies = (
			);
			name = "taskDemo (iOS)";
			productName = "taskDemo (iOS)";
			productReference = 13AA64E527014E82005DCF13 /* taskDemo.app */;
			productType = "com.apple.product-type.application";
		};
		13AA64EA27014E82005DCF13 /* taskDemo (macOS) */ = {
			isa = PBXNativeTarget;
			buildConfigurationList = 13AA64FD27014E82005DCF13 /* Build configuration list for PBXNativeTarget "taskDemo (macOS)" */;
			buildPhases = (
				13AA64E727014E82005DCF13 /* Sources */,
				13AA64E827014E82005DCF13 /* Frameworks */,
				13AA64E927014E82005DCF13 /* Resources */,
			);
			buildRules = (
			);
			dependencies = (
			);
			name = "taskDemo (macOS)";
			productName = "taskDemo (macOS)";
			productReference = 13AA64EB27014E82005DCF13 /* taskDemo.app */;
			productType = "com.apple.product-type.application";
		};
/* End PBXNativeTarget section */

/* Begin PBXProject section */
		13AA64D627014E81005DCF13 /* Project object */ = {
			isa = PBXProject;
			attributes = {
				BuildIndependentTargetsInParallel = 1;
				LastSwiftUpdateCheck = 1300;
				LastUpgradeCheck = 1300;
				TargetAttributes = {
					13AA64E427014E82005DCF13 = {
						CreatedOnToolsVersion = 13.0;
					};
					13AA64EA27014E82005DCF13 = {
						CreatedOnToolsVersion = 13.0;
					};
				};
			};
			buildConfigurationList = 13AA64D927014E81005DCF13 /* Build configuration list for PBXProject "taskDemo" */;
			compatibilityVersion = "Xcode 13.0";
			developmentRegion = en;
			hasScannedForEncodings = 0;
			knownRegions = (
				en,
				Base,
			);
			mainGroup = 13AA64D527014E81005DCF13;
			productRefGroup = 13AA64E627014E82005DCF13 /* Products */;
			projectDirPath = "";
			projectRoot = "";
			targets = (
				13AA64E427014E82005DCF13 /* taskDemo (iOS) */,
				13AA64EA27014E82005DCF13 /* taskDemo (macOS) */,
			);
		};
/* End PBXProject section */

/* Begin PBXResourcesBuildPhase section */
		13AA64E327014E82005DCF13 /* Resources */ = {
			isa = PBXResourcesBuildPhase;
			buildActionMask = 2147483647;
			files = (
				13AA64F627014E82005DCF13 /* Assets.xcassets in Resources */,
			);
			runOnlyForDeploymentPostprocessing = 0;
		};
		13AA64E927014E82005DCF13 /* Resources */ = {
			isa = PBXResourcesBuildPhase;
			buildActionMask = 2147483647;
			files = (
				13AA64F727014E82005DCF13 /* Assets.xcassets in Resources */,
			);
			runOnlyForDeploymentPostprocessing = 0;
		};
/* End PBXResourcesBuildPhase section */

/* Begin PBXSourcesBuildPhase section */
		13AA64E127014E82005DCF13 /* Sources */ = {
			isa = PBXSourcesBuildPhase;
			buildActionMask = 2147483647;
			files = (
				13AA64F427014E82005DCF13 /* Persistence.swift in Sources */,
				13AA650C27015098005DCF13 /* Task+CoreDataClass.swift in Sources */,
				13AA651227015098005DCF13 /* TaskTag+CoreDataProperties.swift in Sources */,
				13AA651F27015386005DCF13 /* AppStyles.swift in Sources */,
				13AA650227014F19005DCF13 /* taskDemo.xcdatamodeld in Sources */,
				13AA64F027014E82005DCF13 /* taskDemoApp.swift in Sources */,
				13AA651027015098005DCF13 /* TaskTag+CoreDataClass.swift in Sources */,
				13AA650E27015098005DCF13 /* Task+CoreDataProperties.swift in Sources */,
				13AA64F227014E82005DCF13 /* ContentView.swift in Sources */,
			);
			runOnlyForDeploymentPostprocessing = 0;
		};
		13AA64E727014E82005DCF13 /* Sources */ = {
			isa = PBXSourcesBuildPhase;
			buildActionMask = 2147483647;
			files = (
				13AA64F527014E82005DCF13 /* Persistence.swift in Sources */,
				13AA650D27015098005DCF13 /* Task+CoreDataClass.swift in Sources */,
				13AA651327015098005DCF13 /* TaskTag+CoreDataProperties.swift in Sources */,
				13AA652027015386005DCF13 /* AppStyles.swift in Sources */,
				13AA650327014F19005DCF13 /* taskDemo.xcdatamodeld in Sources */,
				13AA64F127014E82005DCF13 /* taskDemoApp.swift in Sources */,
				13AA651127015098005DCF13 /* TaskTag+CoreDataClass.swift in Sources */,
				13AA650F27015098005DCF13 /* Task+CoreDataProperties.swift in Sources */,
				13AA64F327014E82005DCF13 /* ContentView.swift in Sources */,
			);
			runOnlyForDeploymentPostprocessing = 0;
		};
/* End PBXSourcesBuildPhase section */

/* Begin XCBuildConfiguration section */
		13AA64F827014E82005DCF13 /* Debug */ = {
			isa = XCBuildConfiguration;
			buildSettings = {
				ALWAYS_SEARCH_USER_PATHS = NO;
				CLANG_ANALYZER_NONNULL = YES;
				CLANG_ANALYZER_NUMBER_OBJECT_CONVERSION = YES_AGGRESSIVE;
				CLANG_CXX_LANGUAGE_STANDARD = "gnu++17";
				CLANG_CXX_LIBRARY = "libc++";
				CLANG_ENABLE_MODULES = YES;
				CLANG_ENABLE_OBJC_ARC = YES;
				CLANG_ENABLE_OBJC_WEAK = YES;
				CLANG_WARN_BLOCK_CAPTURE_AUTORELEASING = YES;
				CLANG_WARN_BOOL_CONVERSION = YES;
				CLANG_WARN_COMMA = YES;
				CLANG_WARN_CONSTANT_CONVERSION = YES;
				CLANG_WARN_DEPRECATED_OBJC_IMPLEMENTATIONS = YES;
				CLANG_WARN_DIRECT_OBJC_ISA_USAGE = YES_ERROR;
				CLANG_WARN_DOCUMENTATION_COMMENTS = YES;
				CLANG_WARN_EMPTY_BODY = YES;
				CLANG_WARN_ENUM_CONVERSION = YES;
				CLANG_WARN_INFINITE_RECURSION = YES;
				CLANG_WARN_INT_CONVERSION = YES;
				CLANG_WARN_NON_LITERAL_NULL_CONVERSION = YES;
				CLANG_WARN_OBJC_IMPLICIT_RETAIN_SELF = YES;
				CLANG_WARN_OBJC_LITERAL_CONVERSION = YES;
				CLANG_WARN_OBJC_ROOT_CLASS = YES_ERROR;
				CLANG_WARN_QUOTED_INCLUDE_IN_FRAMEWORK_HEADER = YES;
				CLANG_WARN_RANGE_LOOP_ANALYSIS = YES;
				CLANG_WARN_STRICT_PROTOTYPES = YES;
				CLANG_WARN_SUSPICIOUS_MOVE = YES;
				CLANG_WARN_UNGUARDED_AVAILABILITY = YES_AGGRESSIVE;
				CLANG_WARN_UNREACHABLE_CODE = YES;
				CLANG_WARN__DUPLICATE_METHOD_MATCH = YES;
				COPY_PHASE_STRIP = NO;
				DEBUG_INFORMATION_FORMAT = dwarf;
				ENABLE_STRICT_OBJC_MSGSEND = YES;
				ENABLE_TESTABILITY = YES;
				GCC_C_LANGUAGE_STANDARD = gnu11;
				GCC_DYNAMIC_NO_PIC = NO;
				GCC_NO_COMMON_BLOCKS = YES;
				GCC_OPTIMIZATION_LEVEL = 0;
				GCC_PREPROCESSOR_DEFINITIONS = (
					"DEBUG=1",
					"$(inherited)",
				);
				GCC_WARN_64_TO_32_BIT_CONVERSION = YES;
				GCC_WARN_ABOUT_RETURN_TYPE = YES_ERROR;
				GCC_WARN_UNDECLARED_SELECTOR = YES;
				GCC_WARN_UNINITIALIZED_AUTOS = YES_AGGRESSIVE;
				GCC_WARN_UNUSED_FUNCTION = YES;
				GCC_WARN_UNUSED_VARIABLE = YES;
				MTL_ENABLE_DEBUG_INFO = INCLUDE_SOURCE;
				MTL_FAST_MATH = YES;
				ONLY_ACTIVE_ARCH = YES;
				SWIFT_ACTIVE_COMPILATION_CONDITIONS = DEBUG;
				SWIFT_OPTIMIZATION_LEVEL = "-Onone";
			};
			name = Debug;
		};
		13AA64F927014E82005DCF13 /* Release */ = {
			isa = XCBuildConfiguration;
			buildSettings = {
				ALWAYS_SEARCH_USER_PATHS = NO;
				CLANG_ANALYZER_NONNULL = YES;
				CLANG_ANALYZER_NUMBER_OBJECT_CONVERSION = YES_AGGRESSIVE;
				CLANG_CXX_LANGUAGE_STANDARD = "gnu++17";
				CLANG_CXX_LIBRARY = "libc++";
				CLANG_ENABLE_MODULES = YES;
				CLANG_ENABLE_OBJC_ARC = YES;
				CLANG_ENABLE_OBJC_WEAK = YES;
				CLANG_WARN_BLOCK_CAPTURE_AUTORELEASING = YES;
				CLANG_WARN_BOOL_CONVERSION = YES;
				CLANG_WARN_COMMA = YES;
				CLANG_WARN_CONSTANT_CONVERSION = YES;
				CLANG_WARN_DEPRECATED_OBJC_IMPLEMENTATIONS = YES;
				CLANG_WARN_DIRECT_OBJC_ISA_USAGE = YES_ERROR;
				CLANG_WARN_DOCUMENTATION_COMMENTS = YES;
				CLANG_WARN_EMPTY_BODY = YES;
				CLANG_WARN_ENUM_CONVERSION = YES;
				CLANG_WARN_INFINITE_RECURSION = YES;
				CLANG_WARN_INT_CONVERSION = YES;
				CLANG_WARN_NON_LITERAL_NULL_CONVERSION = YES;
				CLANG_WARN_OBJC_IMPLICIT_RETAIN_SELF = YES;
				CLANG_WARN_OBJC_LITERAL_CONVERSION = YES;
				CLANG_WARN_OBJC_ROOT_CLASS = YES_ERROR;
				CLANG_WARN_QUOTED_INCLUDE_IN_FRAMEWORK_HEADER = YES;
				CLANG_WARN_RANGE_LOOP_ANALYSIS = YES;
				CLANG_WARN_STRICT_PROTOTYPES = YES;
				CLANG_WARN_SUSPICIOUS_MOVE = YES;
				CLANG_WARN_UNGUARDED_AVAILABILITY = YES_AGGRESSIVE;
				CLANG_WARN_UNREACHABLE_CODE = YES;
				CLANG_WARN__DUPLICATE_METHOD_MATCH = YES;
				COPY_PHASE_STRIP = NO;
				DEBUG_INFORMATION_FORMAT = "dwarf-with-dsym";
				ENABLE_NS_ASSERTIONS = NO;
				ENABLE_STRICT_OBJC_MSGSEND = YES;
				GCC_C_LANGUAGE_STANDARD = gnu11;
				GCC_NO_COMMON_BLOCKS = YES;
				GCC_WARN_64_TO_32_BIT_CONVERSION = YES;
				GCC_WARN_ABOUT_RETURN_TYPE = YES_ERROR;
				GCC_WARN_UNDECLARED_SELECTOR = YES;
				GCC_WARN_UNINITIALIZED_AUTOS = YES_AGGRESSIVE;
				GCC_WARN_UNUSED_FUNCTION = YES;
				GCC_WARN_UNUSED_VARIABLE = YES;
				MTL_ENABLE_DEBUG_INFO = NO;
				MTL_FAST_MATH = YES;
				SWIFT_COMPILATION_MODE = wholemodule;
				SWIFT_OPTIMIZATION_LEVEL = "-O";
			};
			name = Release;
		};
		13AA64FB27014E82005DCF13 /* Debug */ = {
			isa = XCBuildConfiguration;
			buildSettings = {
				ASSETCATALOG_COMPILER_APPICON_NAME = AppIcon;
				ASSETCATALOG_COMPILER_GLOBAL_ACCENT_COLOR_NAME = AccentColor;
				CODE_SIGN_ENTITLEMENTS = "taskDemo (iOS).entitlements";
				CODE_SIGN_STYLE = Automatic;
				CURRENT_PROJECT_VERSION = 1;
				DEVELOPMENT_TEAM = 63AJC847ZW;
				ENABLE_PREVIEWS = YES;
				GENERATE_INFOPLIST_FILE = YES;
				INFOPLIST_FILE = "taskDemo--iOS--Info.plist";
				INFOPLIST_KEY_UIApplicationSceneManifest_Generation = YES;
				INFOPLIST_KEY_UIApplicationSupportsIndirectInputEvents = YES;
				INFOPLIST_KEY_UILaunchScreen_Generation = YES;
				INFOPLIST_KEY_UISupportedInterfaceOrientations_iPad = "UIInterfaceOrientationPortrait UIInterfaceOrientationPortraitUpsideDown UIInterfaceOrientationLandscapeLeft UIInterfaceOrientationLandscapeRight";
				INFOPLIST_KEY_UISupportedInterfaceOrientations_iPhone = "UIInterfaceOrientationPortrait UIInterfaceOrientationLandscapeLeft UIInterfaceOrientationLandscapeRight";
				IPHONEOS_DEPLOYMENT_TARGET = 14.0;
				LD_RUNPATH_SEARCH_PATHS = (
					"$(inherited)",
					"@executable_path/Frameworks",
				);
				MARKETING_VERSION = 1.0;
				PRODUCT_BUNDLE_IDENTIFIER = mx.landercorp.taskDemo;
				PRODUCT_NAME = taskDemo;
				SDKROOT = iphoneos;
				SWIFT_EMIT_LOC_STRINGS = YES;
				SWIFT_VERSION = 5.0;
				TARGETED_DEVICE_FAMILY = "1,2";
			};
			name = Debug;
		};
		13AA64FC27014E82005DCF13 /* Release */ = {
			isa = XCBuildConfiguration;
			buildSettings = {
				ASSETCATALOG_COMPILER_APPICON_NAME = AppIcon;
				ASSETCATALOG_COMPILER_GLOBAL_ACCENT_COLOR_NAME = AccentColor;
				CODE_SIGN_ENTITLEMENTS = "taskDemo (iOS).entitlements";
				CODE_SIGN_STYLE = Automatic;
				CURRENT_PROJECT_VERSION = 1;
				DEVELOPMENT_TEAM = 63AJC847ZW;
				ENABLE_PREVIEWS = YES;
				GENERATE_INFOPLIST_FILE = YES;
				INFOPLIST_FILE = "taskDemo--iOS--Info.plist";
				INFOPLIST_KEY_UIApplicationSceneManifest_Generation = YES;
				INFOPLIST_KEY_UIApplicationSupportsIndirectInputEvents = YES;
				INFOPLIST_KEY_UILaunchScreen_Generation = YES;
				INFOPLIST_KEY_UISupportedInterfaceOrientations_iPad = "UIInterfaceOrientationPortrait UIInterfaceOrientationPortraitUpsideDown UIInterfaceOrientationLandscapeLeft UIInterfaceOrientationLandscapeRight";
				INFOPLIST_KEY_UISupportedInterfaceOrientations_iPhone = "UIInterfaceOrientationPortrait UIInterfaceOrientationLandscapeLeft UIInterfaceOrientationLandscapeRight";
				IPHONEOS_DEPLOYMENT_TARGET = 14.0;
				LD_RUNPATH_SEARCH_PATHS = (
					"$(inherited)",
					"@executable_path/Frameworks",
				);
				MARKETING_VERSION = 1.0;
				PRODUCT_BUNDLE_IDENTIFIER = mx.landercorp.taskDemo;
				PRODUCT_NAME = taskDemo;
				SDKROOT = iphoneos;
				SWIFT_EMIT_LOC_STRINGS = YES;
				SWIFT_VERSION = 5.0;
				TARGETED_DEVICE_FAMILY = "1,2";
				VALIDATE_PRODUCT = YES;
			};
			name = Release;
		};
		13AA64FE27014E82005DCF13 /* Debug */ = {
			isa = XCBuildConfiguration;
			buildSettings = {
				ASSETCATALOG_COMPILER_APPICON_NAME = AppIcon;
				ASSETCATALOG_COMPILER_GLOBAL_ACCENT_COLOR_NAME = AccentColor;
				CODE_SIGN_ENTITLEMENTS = macOS/macOS.entitlements;
				CODE_SIGN_STYLE = Automatic;
				COMBINE_HIDPI_IMAGES = YES;
				CURRENT_PROJECT_VERSION = 1;
				DEVELOPMENT_TEAM = 63AJC847ZW;
				ENABLE_HARDENED_RUNTIME = YES;
				ENABLE_PREVIEWS = YES;
				GENERATE_INFOPLIST_FILE = YES;
				INFOPLIST_KEY_NSHumanReadableCopyright = "";
				LD_RUNPATH_SEARCH_PATHS = (
					"$(inherited)",
					"@executable_path/../Frameworks",
				);
				MACOSX_DEPLOYMENT_TARGET = 11.0;
				MARKETING_VERSION = 1.0;
				PRODUCT_BUNDLE_IDENTIFIER = mx.landercorp.taskDemo;
				PRODUCT_NAME = taskDemo;
				SDKROOT = macosx;
				SWIFT_EMIT_LOC_STRINGS = YES;
				SWIFT_VERSION = 5.0;
			};
			name = Debug;
		};
		13AA64FF27014E82005DCF13 /* Release */ = {
			isa = XCBuildConfiguration;
			buildSettings = {
				ASSETCATALOG_COMPILER_APPICON_NAME = AppIcon;
				ASSETCATALOG_COMPILER_GLOBAL_ACCENT_COLOR_NAME = AccentColor;
				CODE_SIGN_ENTITLEMENTS = macOS/macOS.entitlements;
				CODE_SIGN_STYLE = Automatic;
				COMBINE_HIDPI_IMAGES = YES;
				CURRENT_PROJECT_VERSION = 1;
				DEVELOPMENT_TEAM = 63AJC847ZW;
				ENABLE_HARDENED_RUNTIME = YES;
				ENABLE_PREVIEWS = YES;
				GENERATE_INFOPLIST_FILE = YES;
				INFOPLIST_KEY_NSHumanReadableCopyright = "";
				LD_RUNPATH_SEARCH_PATHS = (
					"$(inherited)",
					"@executable_path/../Frameworks",
				);
				MACOSX_DEPLOYMENT_TARGET = 11.0;
				MARKETING_VERSION = 1.0;
				PRODUCT_BUNDLE_IDENTIFIER = mx.landercorp.taskDemo;
				PRODUCT_NAME = taskDemo;
				SDKROOT = macosx;
				SWIFT_EMIT_LOC_STRINGS = YES;
				SWIFT_VERSION = 5.0;
			};
			name = Release;
		};
/* End XCBuildConfiguration section */

/* Begin XCConfigurationList section */
		13AA64D927014E81005DCF13 /* Build configuration list for PBXProject "taskDemo" */ = {
			isa = XCConfigurationList;
			buildConfigurations = (
				13AA64F827014E82005DCF13 /* Debug */,
				13AA64F927014E82005DCF13 /* Release */,
			);
			defaultConfigurationIsVisible = 0;
			defaultConfigurationName = Release;
		};
		13AA64FA27014E82005DCF13 /* Build configuration list for PBXNativeTarget "taskDemo (iOS)" */ = {
			isa = XCConfigurationList;
			buildConfigurations = (
				13AA64FB27014E82005DCF13 /* Debug */,
				13AA64FC27014E82005DCF13 /* Release */,
			);
			defaultConfigurationIsVisible = 0;
			defaultConfigurationName = Release;
		};
		13AA64FD27014E82005DCF13 /* Build configuration list for PBXNativeTarget "taskDemo (macOS)" */ = {
			isa = XCConfigurationList;
			buildConfigurations = (
				13AA64FE27014E82005DCF13 /* Debug */,
				13AA64FF27014E82005DCF13 /* Release */,
			);
			defaultConfigurationIsVisible = 0;
			defaultConfigurationName = Release;
		};
/* End XCConfigurationList section */

/* Begin XCVersionGroup section */
		13AA650027014F19005DCF13 /* taskDemo.xcdatamodeld */ = {
			isa = XCVersionGroup;
			children = (
				13AA650127014F19005DCF13 /* Shared.xcdatamodel */,
			);
			currentVersion = 13AA650127014F19005DCF13 /* Shared.xcdatamodel */;
			path = taskDemo.xcdatamodeld;
			sourceTree = "<group>";
			versionGroupType = wrapper.xcdatamodel;
		};
/* End XCVersionGroup section */
	};
	rootObject = 13AA64D627014E81005DCF13 /* Project object */;
}
